
Microsoft Visual Studio Solution File, Format Version 11.00
# Visual Studio 2010
Project("{FAE04EC0-301F-11D3-BF4B-00C04F79EFBC}") = "MyFamilyLodge", "MyFamilyLodge\MyFamilyLodge.csproj", "{50A4978B-70AE-46BE-B865-EDDD6EB1A9E9}"
EndProject
Project("{FAE04EC0-301F-11D3-BF4B-00C04F79EFBC}") = "MFLAdmin", "MFLAdmin\MFLAdmin.csproj", "{8A60AF80-A09B-4E97-B634-E3837560F2F0}"
EndProject
Project("{FAE04EC0-301F-11D3-BF4B-00C04F79EFBC}") = "MFL", "MFL\MFL.csproj", "{522865D6-1325-4527-A671-6964D96CC236}"
EndProject
Project("{FAE04EC0-301F-11D3-BF4B-00C04F79EFBC}") = "MFLJson", "MFLJson\MFLJson.csproj", "{8B6A0DA1-C625-4A8F-80CE-F1072E457DA1}"
EndProject
Project("{FAE04EC0-301F-11D3-BF4B-00C04F79EFBC}") = "MFLLodge", "MFLLodge\MFLLodge.csproj", "{1F9C1547-54B1-49EA-863B-02FB47755A84}"
EndProject
Project("{FAE04EC0-301F-11D3-BF4B-00C04F79EFBC}") = "TCPUploadHandler", "TCPUploadHandler\TCPUploadHandler.csproj", "{57FB9448-2092-4D24-82D6-98D292C68601}"
EndProject
Project("{FAE04EC0-301F-11D3-BF4B-00C04F79EFBC}") = "LittleTest", "LittleTest\LittleTest.csproj", "{9ED4C047-E2F9-4E3E-914A-EC0FDE79A0DA}"
EndProject
Project("{FAE04EC0-301F-11D3-BF4B-00C04F79EFBC}") = "GCDocService", "GCDocService\GCDocService.csproj", "{A3321CA6-CC5E-4123-BC1B-2EB33E55FBB6}"
EndProject
Project("{FAE04EC0-301F-11D3-BF4B-00C04F79EFBC}") = "PublishingOptimization", "PublishingOptimization\PublishingOptimization.csproj", "{F34BE59A-1614-494B-BD36-72C78A5A5D2A}"
EndProject
Project("{FAE04EC0-301F-11D3-BF4B-00C04F79EFBC}") = "MasonryGallery", "MasonryGallery\MasonryGallery.csproj", "{901B8529-6F76-4855-8F31-759576085296}"
EndProject
Project("{FAE04EC0-301F-11D3-BF4B-00C04F79EFBC}") = "YupooAPI.NET", "YupooAPI.NET\YupooAPI.NET.csproj", "{FD72D2F5-1FF2-4288-B4B7-ED82D1CD8A5E}"
EndProject
Project("{FAE04EC0-301F-11D3-BF4B-00C04F79EFBC}") = "MFLMirror", "MFLMirror\MFLMirror.csproj", "{6B752F26-BD99-48AC-943B-18A0B58C47DD}"
EndProject
Project("{FAE04EC0-301F-11D3-BF4B-00C04F79EFBC}") = "MFLMirrorLib", "MFLMirrorLib\MFLMirrorLib.csproj", "{9F8B8628-2B5A-4589-939D-CCC94E8D54CC}"
EndProject
Project("{FAE04EC0-301F-11D3-BF4B-00C04F79EFBC}") = "GCServiceBase", "GCServiceBase\GCServiceBase.csproj", "{0D574436-630B-4E01-B14B-396E1FEF8251}"
EndProject
Project("{FAE04EC0-301F-11D3-BF4B-00C04F79EFBC}") = "ResourcesDownloader", "ResourcesDownloader\ResourcesDownloader.csproj", "{B314946E-A375-4B40-BCEA-7A8F5BCECDA1}"
EndProject
Project("{FAE04EC0-301F-11D3-BF4B-00C04F79EFBC}") = "FileLocker", "FileLocker\FileLocker.csproj", "{258A2B5E-DB7D-4D99-A8C3-E876CE210786}"
EndProject
Project("{FAE04EC0-301F-11D3-BF4B-00C04F79EFBC}") = "XLVExplore", "XLVExplore\XLVExplore.csproj", "{D8224702-4ADB-41DB-BB53-37645B327237}"
EndProject
Project("{FAE04EC0-301F-11D3-BF4B-00C04F79EFBC}") = "GCPicBroker", "GCPicBroker\GCPicBroker.csproj", "{69B4436E-2CBC-4E1D-A78D-6B0F0999FB13}"
EndProject
Project("{FAE04EC0-301F-11D3-BF4B-00C04F79EFBC}") = "XLVExploreTracker", "XLVExploreTracker\XLVExploreTracker.csproj", "{1BA8FC0D-17A6-4B23-91EE-D1239379F17D}"
EndProject
Project("{FAE04EC0-301F-11D3-BF4B-00C04F79EFBC}") = "SimpleOffice", "SimpleOffice\SimpleOffice.csproj", "{813F9661-6A0A-44D2-8C55-F44CFF679862}"
EndProject
Project("{FAE04EC0-301F-11D3-BF4B-00C04F79EFBC}") = "GoClassing", "GoClassing\GoClassing.csproj", "{43142614-5968-4035-91F0-36A79A811AFC}"
EndProject
Project("{FAE04EC0-301F-11D3-BF4B-00C04F79EFBC}") = "Goclassing.com", "Goclassing.com\Goclassing.com.csproj", "{AAA79CDE-A3EB-4AA4-B86F-A45733242329}"
EndProject
Project("{FAE04EC0-301F-11D3-BF4B-00C04F79EFBC}") = "Entities", "Entities\Entities.csproj", "{73764D53-53DF-427F-86A3-61B19D091E9E}"
EndProject
Project("{FAE04EC0-301F-11D3-BF4B-00C04F79EFBC}") = "GebimaiService", "GebimaiService\GebimaiService.csproj", "{0B57C1A2-7623-42A8-9720-162CFF33E263}"
EndProject
Project("{FAE04EC0-301F-11D3-BF4B-00C04F79EFBC}") = "GoclassingDev", "GoclassingDev\GoclassingDev.csproj", "{C1833AC1-28CF-4BC7-8C21-630A71D5AD08}"
EndProject
Project("{FAE04EC0-301F-11D3-BF4B-00C04F79EFBC}") = "Redirector", "Redirector\Redirector.csproj", "{27B9B28C-F9B8-43C9-B85B-2E4BC5796FAA}"
EndProject
Project("{FAE04EC0-301F-11D3-BF4B-00C04F79EFBC}") = "GoclassingStatic", "GoclassingStatic\GoclassingStatic.csproj", "{1777A7CD-D90A-4017-96D5-AD163F08B740}"
EndProject
Project("{FAE04EC0-301F-11D3-BF4B-00C04F79EFBC}") = "HashGetter", "HashGetter\HashGetter.csproj", "{4D507C8A-9B26-4378-8607-274252551ED8}"
EndProject
Project("{FAE04EC0-301F-11D3-BF4B-00C04F79EFBC}") = "Chifanshe.com", "Chifanshe.com\Chifanshe.com.csproj", "{A9419795-80AE-4A43-82F9-A225F912FBC2}"
EndProject
Project("{FAE04EC0-301F-11D3-BF4B-00C04F79EFBC}") = "GoclassingDevClient", "GoclassingDevClient\GoclassingDevClient.csproj", "{71683A51-95C2-42AF-B852-89C54C821153}"
EndProject
Project("{FAE04EC0-301F-11D3-BF4B-00C04F79EFBC}") = "WebWaker", "WebWaker\WebWaker.csproj", "{D54BD76E-F65B-464F-86E6-7115CE52CD4C}"
EndProject
Global
	GlobalSection(SolutionConfigurationPlatforms) = preSolution
		Debug|Any CPU = Debug|Any CPU
		Debug|Mixed Platforms = Debug|Mixed Platforms
		Debug|x64 = Debug|x64
		Debug|x86 = Debug|x86
		Release|Any CPU = Release|Any CPU
		Release|Mixed Platforms = Release|Mixed Platforms
		Release|x64 = Release|x64
		Release|x86 = Release|x86
	EndGlobalSection
	GlobalSection(ProjectConfigurationPlatforms) = postSolution
		{50A4978B-70AE-46BE-B865-EDDD6EB1A9E9}.Debug|Any CPU.ActiveCfg = Debug|Any CPU
		{50A4978B-70AE-46BE-B865-EDDD6EB1A9E9}.Debug|Any CPU.Build.0 = Debug|Any CPU
		{50A4978B-70AE-46BE-B865-EDDD6EB1A9E9}.Debug|Mixed Platforms.ActiveCfg = Debug|Any CPU
		{50A4978B-70AE-46BE-B865-EDDD6EB1A9E9}.Debug|Mixed Platforms.Build.0 = Debug|Any CPU
		{50A4978B-70AE-46BE-B865-EDDD6EB1A9E9}.Debug|x64.ActiveCfg = Debug|Any CPU
		{50A4978B-70AE-46BE-B865-EDDD6EB1A9E9}.Debug|x86.ActiveCfg = Debug|Any CPU
		{50A4978B-70AE-46BE-B865-EDDD6EB1A9E9}.Release|Any CPU.ActiveCfg = Release|Any CPU
		{50A4978B-70AE-46BE-B865-EDDD6EB1A9E9}.Release|Any CPU.Build.0 = Release|Any CPU
		{50A4978B-70AE-46BE-B865-EDDD6EB1A9E9}.Release|Mixed Platforms.ActiveCfg = Release|Any CPU
		{50A4978B-70AE-46BE-B865-EDDD6EB1A9E9}.Release|Mixed Platforms.Build.0 = Release|Any CPU
		{50A4978B-70AE-46BE-B865-EDDD6EB1A9E9}.Release|x64.ActiveCfg = Release|Any CPU
		{50A4978B-70AE-46BE-B865-EDDD6EB1A9E9}.Release|x86.ActiveCfg = Release|Any CPU
		{8A60AF80-A09B-4E97-B634-E3837560F2F0}.Debug|Any CPU.ActiveCfg = Debug|Any CPU
		{8A60AF80-A09B-4E97-B634-E3837560F2F0}.Debug|Any CPU.Build.0 = Debug|Any CPU
		{8A60AF80-A09B-4E97-B634-E3837560F2F0}.Debug|Mixed Platforms.ActiveCfg = Debug|Any CPU
		{8A60AF80-A09B-4E97-B634-E3837560F2F0}.Debug|Mixed Platforms.Build.0 = Debug|Any CPU
		{8A60AF80-A09B-4E97-B634-E3837560F2F0}.Debug|x64.ActiveCfg = Debug|Any CPU
		{8A60AF80-A09B-4E97-B634-E3837560F2F0}.Debug|x86.ActiveCfg = Debug|Any CPU
		{8A60AF80-A09B-4E97-B634-E3837560F2F0}.Release|Any CPU.ActiveCfg = Release|Any CPU
		{8A60AF80-A09B-4E97-B634-E3837560F2F0}.Release|Any CPU.Build.0 = Release|Any CPU
		{8A60AF80-A09B-4E97-B634-E3837560F2F0}.Release|Mixed Platforms.ActiveCfg = Release|Any CPU
		{8A60AF80-A09B-4E97-B634-E3837560F2F0}.Release|Mixed Platforms.Build.0 = Release|Any CPU
		{8A60AF80-A09B-4E97-B634-E3837560F2F0}.Release|x64.ActiveCfg = Release|Any CPU
		{8A60AF80-A09B-4E97-B634-E3837560F2F0}.Release|x86.ActiveCfg = Release|Any CPU
		{522865D6-1325-4527-A671-6964D96CC236}.Debug|Any CPU.ActiveCfg = Debug|Any CPU
		{522865D6-1325-4527-A671-6964D96CC236}.Debug|Any CPU.Build.0 = Debug|Any CPU
		{522865D6-1325-4527-A671-6964D96CC236}.Debug|Mixed Platforms.ActiveCfg = Debug|Any CPU
		{522865D6-1325-4527-A671-6964D96CC236}.Debug|Mixed Platforms.Build.0 = Debug|Any CPU
		{522865D6-1325-4527-A671-6964D96CC236}.Debug|x64.ActiveCfg = Debug|Any CPU
		{522865D6-1325-4527-A671-6964D96CC236}.Debug|x86.ActiveCfg = Debug|Any CPU
		{522865D6-1325-4527-A671-6964D96CC236}.Release|Any CPU.ActiveCfg = Release|Any CPU
		{522865D6-1325-4527-A671-6964D96CC236}.Release|Any CPU.Build.0 = Release|Any CPU
		{522865D6-1325-4527-A671-6964D96CC236}.Release|Mixed Platforms.ActiveCfg = Release|Any CPU
		{522865D6-1325-4527-A671-6964D96CC236}.Release|Mixed Platforms.Build.0 = Release|Any CPU
		{522865D6-1325-4527-A671-6964D96CC236}.Release|x64.ActiveCfg = Release|Any CPU
		{522865D6-1325-4527-A671-6964D96CC236}.Release|x86.ActiveCfg = Release|Any CPU
		{8B6A0DA1-C625-4A8F-80CE-F1072E457DA1}.Debug|Any CPU.ActiveCfg = Debug|Any CPU
		{8B6A0DA1-C625-4A8F-80CE-F1072E457DA1}.Debug|Any CPU.Build.0 = Debug|Any CPU
		{8B6A0DA1-C625-4A8F-80CE-F1072E457DA1}.Debug|Mixed Platforms.ActiveCfg = Debug|Any CPU
		{8B6A0DA1-C625-4A8F-80CE-F1072E457DA1}.Debug|Mixed Platforms.Build.0 = Debug|Any CPU
		{8B6A0DA1-C625-4A8F-80CE-F1072E457DA1}.Debug|x64.ActiveCfg = Debug|Any CPU
		{8B6A0DA1-C625-4A8F-80CE-F1072E457DA1}.Debug|x86.ActiveCfg = Debug|Any CPU
		{8B6A0DA1-C625-4A8F-80CE-F1072E457DA1}.Release|Any CPU.ActiveCfg = Release|Any CPU
		{8B6A0DA1-C625-4A8F-80CE-F1072E457DA1}.Release|Any CPU.Build.0 = Release|Any CPU
		{8B6A0DA1-C625-4A8F-80CE-F1072E457DA1}.Release|Mixed Platforms.ActiveCfg = Release|Any CPU
		{8B6A0DA1-C625-4A8F-80CE-F1072E457DA1}.Release|Mixed Platforms.Build.0 = Release|Any CPU
		{8B6A0DA1-C625-4A8F-80CE-F1072E457DA1}.Release|x64.ActiveCfg = Release|Any CPU
		{8B6A0DA1-C625-4A8F-80CE-F1072E457DA1}.Release|x86.ActiveCfg = Release|Any CPU
		{1F9C1547-54B1-49EA-863B-02FB47755A84}.Debug|Any CPU.ActiveCfg = Debug|Any CPU
		{1F9C1547-54B1-49EA-863B-02FB47755A84}.Debug|Any CPU.Build.0 = Debug|Any CPU
		{1F9C1547-54B1-49EA-863B-02FB47755A84}.Debug|Mixed Platforms.ActiveCfg = Debug|Any CPU
		{1F9C1547-54B1-49EA-863B-02FB47755A84}.Debug|Mixed Platforms.Build.0 = Debug|Any CPU
		{1F9C1547-54B1-49EA-863B-02FB47755A84}.Debug|x64.ActiveCfg = Debug|Any CPU
		{1F9C1547-54B1-49EA-863B-02FB47755A84}.Debug|x86.ActiveCfg = Debug|Any CPU
		{1F9C1547-54B1-49EA-863B-02FB47755A84}.Release|Any CPU.ActiveCfg = Release|Any CPU
		{1F9C1547-54B1-49EA-863B-02FB47755A84}.Release|Any CPU.Build.0 = Release|Any CPU
		{1F9C1547-54B1-49EA-863B-02FB47755A84}.Release|Mixed Platforms.ActiveCfg = Release|Any CPU
		{1F9C1547-54B1-49EA-863B-02FB47755A84}.Release|Mixed Platforms.Build.0 = Release|Any CPU
		{1F9C1547-54B1-49EA-863B-02FB47755A84}.Release|x64.ActiveCfg = Release|Any CPU
		{1F9C1547-54B1-49EA-863B-02FB47755A84}.Release|x86.ActiveCfg = Release|Any CPU
		{57FB9448-2092-4D24-82D6-98D292C68601}.Debug|Any CPU.ActiveCfg = Debug|Any CPU
		{57FB9448-2092-4D24-82D6-98D292C68601}.Debug|Any CPU.Build.0 = Debug|Any CPU
		{57FB9448-2092-4D24-82D6-98D292C68601}.Debug|Mixed Platforms.ActiveCfg = Debug|Any CPU
		{57FB9448-2092-4D24-82D6-98D292C68601}.Debug|Mixed Platforms.Build.0 = Debug|Any CPU
		{57FB9448-2092-4D24-82D6-98D292C68601}.Debug|x64.ActiveCfg = Debug|Any CPU
		{57FB9448-2092-4D24-82D6-98D292C68601}.Debug|x86.ActiveCfg = Debug|Any CPU
		{57FB9448-2092-4D24-82D6-98D292C68601}.Release|Any CPU.ActiveCfg = Release|Any CPU
		{57FB9448-2092-4D24-82D6-98D292C68601}.Release|Any CPU.Build.0 = Release|Any CPU
		{57FB9448-2092-4D24-82D6-98D292C68601}.Release|Mixed Platforms.ActiveCfg = Release|Any CPU
		{57FB9448-2092-4D24-82D6-98D292C68601}.Release|Mixed Platforms.Build.0 = Release|Any CPU
		{57FB9448-2092-4D24-82D6-98D292C68601}.Release|x64.ActiveCfg = Release|Any CPU
		{57FB9448-2092-4D24-82D6-98D292C68601}.Release|x86.ActiveCfg = Release|Any CPU
		{9ED4C047-E2F9-4E3E-914A-EC0FDE79A0DA}.Debug|Any CPU.ActiveCfg = Debug|x86
		{9ED4C047-E2F9-4E3E-914A-EC0FDE79A0DA}.Debug|Mixed Platforms.ActiveCfg = Debug|x86
		{9ED4C047-E2F9-4E3E-914A-EC0FDE79A0DA}.Debug|Mixed Platforms.Build.0 = Debug|x86
		{9ED4C047-E2F9-4E3E-914A-EC0FDE79A0DA}.Debug|x64.ActiveCfg = Debug|x86
		{9ED4C047-E2F9-4E3E-914A-EC0FDE79A0DA}.Debug|x86.ActiveCfg = Debug|x86
		{9ED4C047-E2F9-4E3E-914A-EC0FDE79A0DA}.Debug|x86.Build.0 = Debug|x86
		{9ED4C047-E2F9-4E3E-914A-EC0FDE79A0DA}.Release|Any CPU.ActiveCfg = Release|x86
		{9ED4C047-E2F9-4E3E-914A-EC0FDE79A0DA}.Release|Mixed Platforms.ActiveCfg = Release|x86
		{9ED4C047-E2F9-4E3E-914A-EC0FDE79A0DA}.Release|Mixed Platforms.Build.0 = Release|x86
		{9ED4C047-E2F9-4E3E-914A-EC0FDE79A0DA}.Release|x64.ActiveCfg = Release|x86
		{9ED4C047-E2F9-4E3E-914A-EC0FDE79A0DA}.Release|x86.ActiveCfg = Release|x86
		{9ED4C047-E2F9-4E3E-914A-EC0FDE79A0DA}.Release|x86.Build.0 = Release|x86
		{A3321CA6-CC5E-4123-BC1B-2EB33E55FBB6}.Debug|Any CPU.ActiveCfg = Debug|x86
		{A3321CA6-CC5E-4123-BC1B-2EB33E55FBB6}.Debug|Mixed Platforms.ActiveCfg = Debug|x86
		{A3321CA6-CC5E-4123-BC1B-2EB33E55FBB6}.Debug|Mixed Platforms.Build.0 = Debug|x86
		{A3321CA6-CC5E-4123-BC1B-2EB33E55FBB6}.Debug|x64.ActiveCfg = Debug|x86
		{A3321CA6-CC5E-4123-BC1B-2EB33E55FBB6}.Debug|x86.ActiveCfg = Debug|x86
		{A3321CA6-CC5E-4123-BC1B-2EB33E55FBB6}.Debug|x86.Build.0 = Debug|x86
		{A3321CA6-CC5E-4123-BC1B-2EB33E55FBB6}.Release|Any CPU.ActiveCfg = Release|x86
		{A3321CA6-CC5E-4123-BC1B-2EB33E55FBB6}.Release|Mixed Platforms.ActiveCfg = Release|x86
		{A3321CA6-CC5E-4123-BC1B-2EB33E55FBB6}.Release|Mixed Platforms.Build.0 = Release|x86
		{A3321CA6-CC5E-4123-BC1B-2EB33E55FBB6}.Release|x64.ActiveCfg = Release|x86
		{A3321CA6-CC5E-4123-BC1B-2EB33E55FBB6}.Release|x86.ActiveCfg = Release|x86
		{A3321CA6-CC5E-4123-BC1B-2EB33E55FBB6}.Release|x86.Build.0 = Release|x86
		{F34BE59A-1614-494B-BD36-72C78A5A5D2A}.Debug|Any CPU.ActiveCfg = Debug|x86
		{F34BE59A-1614-494B-BD36-72C78A5A5D2A}.Debug|Mixed Platforms.ActiveCfg = Debug|x86
		{F34BE59A-1614-494B-BD36-72C78A5A5D2A}.Debug|Mixed Platforms.Build.0 = Debug|x86
		{F34BE59A-1614-494B-BD36-72C78A5A5D2A}.Debug|x64.ActiveCfg = Debug|x86
		{F34BE59A-1614-494B-BD36-72C78A5A5D2A}.Debug|x86.ActiveCfg = Debug|x86
		{F34BE59A-1614-494B-BD36-72C78A5A5D2A}.Debug|x86.Build.0 = Debug|x86
		{F34BE59A-1614-494B-BD36-72C78A5A5D2A}.Release|Any CPU.ActiveCfg = Release|x86
		{F34BE59A-1614-494B-BD36-72C78A5A5D2A}.Release|Mixed Platforms.ActiveCfg = Release|x86
		{F34BE59A-1614-494B-BD36-72C78A5A5D2A}.Release|Mixed Platforms.Build.0 = Release|x86
		{F34BE59A-1614-494B-BD36-72C78A5A5D2A}.Release|x64.ActiveCfg = Release|x86
		{F34BE59A-1614-494B-BD36-72C78A5A5D2A}.Release|x86.ActiveCfg = Release|x86
		{F34BE59A-1614-494B-BD36-72C78A5A5D2A}.Release|x86.Build.0 = Release|x86
		{901B8529-6F76-4855-8F31-759576085296}.Debug|Any CPU.ActiveCfg = Debug|Any CPU
		{901B8529-6F76-4855-8F31-759576085296}.Debug|Any CPU.Build.0 = Debug|Any CPU
		{901B8529-6F76-4855-8F31-759576085296}.Debug|Mixed Platforms.ActiveCfg = Debug|Any CPU
		{901B8529-6F76-4855-8F31-759576085296}.Debug|Mixed Platforms.Build.0 = Debug|Any CPU
		{901B8529-6F76-4855-8F31-759576085296}.Debug|x64.ActiveCfg = Debug|Any CPU
		{901B8529-6F76-4855-8F31-759576085296}.Debug|x86.ActiveCfg = Debug|Any CPU
		{901B8529-6F76-4855-8F31-759576085296}.Release|Any CPU.ActiveCfg = Release|Any CPU
		{901B8529-6F76-4855-8F31-759576085296}.Release|Any CPU.Build.0 = Release|Any CPU
		{901B8529-6F76-4855-8F31-759576085296}.Release|Mixed Platforms.ActiveCfg = Release|Any CPU
		{901B8529-6F76-4855-8F31-759576085296}.Release|Mixed Platforms.Build.0 = Release|Any CPU
		{901B8529-6F76-4855-8F31-759576085296}.Release|x64.ActiveCfg = Release|Any CPU
		{901B8529-6F76-4855-8F31-759576085296}.Release|x86.ActiveCfg = Release|Any CPU
		{FD72D2F5-1FF2-4288-B4B7-ED82D1CD8A5E}.Debug|Any CPU.ActiveCfg = Debug|Any CPU
		{FD72D2F5-1FF2-4288-B4B7-ED82D1CD8A5E}.Debug|Any CPU.Build.0 = Debug|Any CPU
		{FD72D2F5-1FF2-4288-B4B7-ED82D1CD8A5E}.Debug|Mixed Platforms.ActiveCfg = Debug|Any CPU
		{FD72D2F5-1FF2-4288-B4B7-ED82D1CD8A5E}.Debug|Mixed Platforms.Build.0 = Debug|Any CPU
		{FD72D2F5-1FF2-4288-B4B7-ED82D1CD8A5E}.Debug|x64.ActiveCfg = Debug|Any CPU
		{FD72D2F5-1FF2-4288-B4B7-ED82D1CD8A5E}.Debug|x86.ActiveCfg = Debug|Any CPU
		{FD72D2F5-1FF2-4288-B4B7-ED82D1CD8A5E}.Release|Any CPU.ActiveCfg = Release|Any CPU
		{FD72D2F5-1FF2-4288-B4B7-ED82D1CD8A5E}.Release|Any CPU.Build.0 = Release|Any CPU
		{FD72D2F5-1FF2-4288-B4B7-ED82D1CD8A5E}.Release|Mixed Platforms.ActiveCfg = Release|Any CPU
		{FD72D2F5-1FF2-4288-B4B7-ED82D1CD8A5E}.Release|Mixed Platforms.Build.0 = Release|Any CPU
		{FD72D2F5-1FF2-4288-B4B7-ED82D1CD8A5E}.Release|x64.ActiveCfg = Release|Any CPU
		{FD72D2F5-1FF2-4288-B4B7-ED82D1CD8A5E}.Release|x86.ActiveCfg = Release|Any CPU
		{6B752F26-BD99-48AC-943B-18A0B58C47DD}.Debug|Any CPU.ActiveCfg = Debug|Any CPU
		{6B752F26-BD99-48AC-943B-18A0B58C47DD}.Debug|Any CPU.Build.0 = Debug|Any CPU
		{6B752F26-BD99-48AC-943B-18A0B58C47DD}.Debug|Mixed Platforms.ActiveCfg = Debug|Any CPU
		{6B752F26-BD99-48AC-943B-18A0B58C47DD}.Debug|Mixed Platforms.Build.0 = Debug|Any CPU
		{6B752F26-BD99-48AC-943B-18A0B58C47DD}.Debug|x64.ActiveCfg = Debug|Any CPU
		{6B752F26-BD99-48AC-943B-18A0B58C47DD}.Debug|x86.ActiveCfg = Debug|Any CPU
		{6B752F26-BD99-48AC-943B-18A0B58C47DD}.Release|Any CPU.ActiveCfg = Release|Any CPU
		{6B752F26-BD99-48AC-943B-18A0B58C47DD}.Release|Any CPU.Build.0 = Release|Any CPU
		{6B752F26-BD99-48AC-943B-18A0B58C47DD}.Release|Mixed Platforms.ActiveCfg = Release|Any CPU
		{6B752F26-BD99-48AC-943B-18A0B58C47DD}.Release|Mixed Platforms.Build.0 = Release|Any CPU
		{6B752F26-BD99-48AC-943B-18A0B58C47DD}.Release|x64.ActiveCfg = Release|Any CPU
		{6B752F26-BD99-48AC-943B-18A0B58C47DD}.Release|x86.ActiveCfg = Release|Any CPU
		{9F8B8628-2B5A-4589-939D-CCC94E8D54CC}.Debug|Any CPU.ActiveCfg = Debug|Any CPU
		{9F8B8628-2B5A-4589-939D-CCC94E8D54CC}.Debug|Any CPU.Build.0 = Debug|Any CPU
		{9F8B8628-2B5A-4589-939D-CCC94E8D54CC}.Debug|Mixed Platforms.ActiveCfg = Debug|Any CPU
		{9F8B8628-2B5A-4589-939D-CCC94E8D54CC}.Debug|Mixed Platforms.Build.0 = Debug|Any CPU
		{9F8B8628-2B5A-4589-939D-CCC94E8D54CC}.Debug|x64.ActiveCfg = Debug|Any CPU
		{9F8B8628-2B5A-4589-939D-CCC94E8D54CC}.Debug|x86.ActiveCfg = Debug|Any CPU
		{9F8B8628-2B5A-4589-939D-CCC94E8D54CC}.Release|Any CPU.ActiveCfg = Release|Any CPU
		{9F8B8628-2B5A-4589-939D-CCC94E8D54CC}.Release|Any CPU.Build.0 = Release|Any CPU
		{9F8B8628-2B5A-4589-939D-CCC94E8D54CC}.Release|Mixed Platforms.ActiveCfg = Release|Any CPU
		{9F8B8628-2B5A-4589-939D-CCC94E8D54CC}.Release|Mixed Platforms.Build.0 = Release|Any CPU
		{9F8B8628-2B5A-4589-939D-CCC94E8D54CC}.Release|x64.ActiveCfg = Release|Any CPU
		{9F8B8628-2B5A-4589-939D-CCC94E8D54CC}.Release|x86.ActiveCfg = Release|Any CPU
		{0D574436-630B-4E01-B14B-396E1FEF8251}.Debug|Any CPU.ActiveCfg = Debug|Any CPU
		{0D574436-630B-4E01-B14B-396E1FEF8251}.Debug|Any CPU.Build.0 = Debug|Any CPU
		{0D574436-630B-4E01-B14B-396E1FEF8251}.Debug|Mixed Platforms.ActiveCfg = Debug|Any CPU
		{0D574436-630B-4E01-B14B-396E1FEF8251}.Debug|Mixed Platforms.Build.0 = Debug|Any CPU
		{0D574436-630B-4E01-B14B-396E1FEF8251}.Debug|x64.ActiveCfg = Debug|Any CPU
		{0D574436-630B-4E01-B14B-396E1FEF8251}.Debug|x86.ActiveCfg = Debug|Any CPU
		{0D574436-630B-4E01-B14B-396E1FEF8251}.Release|Any CPU.ActiveCfg = Release|Any CPU
		{0D574436-630B-4E01-B14B-396E1FEF8251}.Release|Any CPU.Build.0 = Release|Any CPU
		{0D574436-630B-4E01-B14B-396E1FEF8251}.Release|Mixed Platforms.ActiveCfg = Release|Any CPU
		{0D574436-630B-4E01-B14B-396E1FEF8251}.Release|Mixed Platforms.Build.0 = Release|Any CPU
		{0D574436-630B-4E01-B14B-396E1FEF8251}.Release|x64.ActiveCfg = Release|Any CPU
		{0D574436-630B-4E01-B14B-396E1FEF8251}.Release|x86.ActiveCfg = Release|Any CPU
		{B314946E-A375-4B40-BCEA-7A8F5BCECDA1}.Debug|Any CPU.ActiveCfg = Debug|x86
		{B314946E-A375-4B40-BCEA-7A8F5BCECDA1}.Debug|Mixed Platforms.ActiveCfg = Debug|x86
		{B314946E-A375-4B40-BCEA-7A8F5BCECDA1}.Debug|Mixed Platforms.Build.0 = Debug|x86
		{B314946E-A375-4B40-BCEA-7A8F5BCECDA1}.Debug|x64.ActiveCfg = Debug|x86
		{B314946E-A375-4B40-BCEA-7A8F5BCECDA1}.Debug|x86.ActiveCfg = Debug|x86
		{B314946E-A375-4B40-BCEA-7A8F5BCECDA1}.Debug|x86.Build.0 = Debug|x86
		{B314946E-A375-4B40-BCEA-7A8F5BCECDA1}.Release|Any CPU.ActiveCfg = Release|x86
		{B314946E-A375-4B40-BCEA-7A8F5BCECDA1}.Release|Mixed Platforms.ActiveCfg = Release|x86
		{B314946E-A375-4B40-BCEA-7A8F5BCECDA1}.Release|Mixed Platforms.Build.0 = Release|x86
		{B314946E-A375-4B40-BCEA-7A8F5BCECDA1}.Release|x64.ActiveCfg = Release|x86
		{B314946E-A375-4B40-BCEA-7A8F5BCECDA1}.Release|x86.ActiveCfg = Release|x86
		{B314946E-A375-4B40-BCEA-7A8F5BCECDA1}.Release|x86.Build.0 = Release|x86
		{258A2B5E-DB7D-4D99-A8C3-E876CE210786}.Debug|Any CPU.ActiveCfg = Debug|x86
		{258A2B5E-DB7D-4D99-A8C3-E876CE210786}.Debug|Mixed Platforms.ActiveCfg = Debug|x86
		{258A2B5E-DB7D-4D99-A8C3-E876CE210786}.Debug|Mixed Platforms.Build.0 = Debug|x86
		{258A2B5E-DB7D-4D99-A8C3-E876CE210786}.Debug|x64.ActiveCfg = Debug|x86
		{258A2B5E-DB7D-4D99-A8C3-E876CE210786}.Debug|x86.ActiveCfg = Debug|x86
		{258A2B5E-DB7D-4D99-A8C3-E876CE210786}.Debug|x86.Build.0 = Debug|x86
		{258A2B5E-DB7D-4D99-A8C3-E876CE210786}.Release|Any CPU.ActiveCfg = Release|x86
		{258A2B5E-DB7D-4D99-A8C3-E876CE210786}.Release|Mixed Platforms.ActiveCfg = Release|x86
		{258A2B5E-DB7D-4D99-A8C3-E876CE210786}.Release|Mixed Platforms.Build.0 = Release|x86
		{258A2B5E-DB7D-4D99-A8C3-E876CE210786}.Release|x64.ActiveCfg = Release|x86
		{258A2B5E-DB7D-4D99-A8C3-E876CE210786}.Release|x86.ActiveCfg = Release|x86
		{258A2B5E-DB7D-4D99-A8C3-E876CE210786}.Release|x86.Build.0 = Release|x86
		{D8224702-4ADB-41DB-BB53-37645B327237}.Debug|Any CPU.ActiveCfg = Debug|Any CPU
		{D8224702-4ADB-41DB-BB53-37645B327237}.Debug|Any CPU.Build.0 = Debug|Any CPU
		{D8224702-4ADB-41DB-BB53-37645B327237}.Debug|Mixed Platforms.ActiveCfg = Debug|Any CPU
		{D8224702-4ADB-41DB-BB53-37645B327237}.Debug|Mixed Platforms.Build.0 = Debug|Any CPU
		{D8224702-4ADB-41DB-BB53-37645B327237}.Debug|x64.ActiveCfg = Debug|Any CPU
		{D8224702-4ADB-41DB-BB53-37645B327237}.Debug|x86.ActiveCfg = Debug|Any CPU
		{D8224702-4ADB-41DB-BB53-37645B327237}.Release|Any CPU.ActiveCfg = Release|Any CPU
		{D8224702-4ADB-41DB-BB53-37645B327237}.Release|Any CPU.Build.0 = Release|Any CPU
		{D8224702-4ADB-41DB-BB53-37645B327237}.Release|Mixed Platforms.ActiveCfg = Release|Any CPU
		{D8224702-4ADB-41DB-BB53-37645B327237}.Release|Mixed Platforms.Build.0 = Release|Any CPU
		{D8224702-4ADB-41DB-BB53-37645B327237}.Release|x64.ActiveCfg = Release|Any CPU
		{D8224702-4ADB-41DB-BB53-37645B327237}.Release|x86.ActiveCfg = Release|Any CPU
		{69B4436E-2CBC-4E1D-A78D-6B0F0999FB13}.Debug|Any CPU.ActiveCfg = Debug|Any CPU
		{69B4436E-2CBC-4E1D-A78D-6B0F0999FB13}.Debug|Any CPU.Build.0 = Debug|Any CPU
		{69B4436E-2CBC-4E1D-A78D-6B0F0999FB13}.Debug|Mixed Platforms.ActiveCfg = Debug|Any CPU
		{69B4436E-2CBC-4E1D-A78D-6B0F0999FB13}.Debug|Mixed Platforms.Build.0 = Debug|Any CPU
		{69B4436E-2CBC-4E1D-A78D-6B0F0999FB13}.Debug|x64.ActiveCfg = Debug|Any CPU
		{69B4436E-2CBC-4E1D-A78D-6B0F0999FB13}.Debug|x86.ActiveCfg = Debug|Any CPU
		{69B4436E-2CBC-4E1D-A78D-6B0F0999FB13}.Release|Any CPU.ActiveCfg = Release|Any CPU
		{69B4436E-2CBC-4E1D-A78D-6B0F0999FB13}.Release|Any CPU.Build.0 = Release|Any CPU
		{69B4436E-2CBC-4E1D-A78D-6B0F0999FB13}.Release|Mixed Platforms.ActiveCfg = Release|Any CPU
		{69B4436E-2CBC-4E1D-A78D-6B0F0999FB13}.Release|Mixed Platforms.Build.0 = Release|Any CPU
		{69B4436E-2CBC-4E1D-A78D-6B0F0999FB13}.Release|x64.ActiveCfg = Release|Any CPU
		{69B4436E-2CBC-4E1D-A78D-6B0F0999FB13}.Release|x86.ActiveCfg = Release|Any CPU
		{1BA8FC0D-17A6-4B23-91EE-D1239379F17D}.Debug|Any CPU.ActiveCfg = Debug|Any CPU
		{1BA8FC0D-17A6-4B23-91EE-D1239379F17D}.Debug|Any CPU.Build.0 = Debug|Any CPU
		{1BA8FC0D-17A6-4B23-91EE-D1239379F17D}.Debug|Mixed Platforms.ActiveCfg = Debug|Any CPU
		{1BA8FC0D-17A6-4B23-91EE-D1239379F17D}.Debug|Mixed Platforms.Build.0 = Debug|Any CPU
		{1BA8FC0D-17A6-4B23-91EE-D1239379F17D}.Debug|x64.ActiveCfg = Debug|Any CPU
		{1BA8FC0D-17A6-4B23-91EE-D1239379F17D}.Debug|x86.ActiveCfg = Debug|Any CPU
		{1BA8FC0D-17A6-4B23-91EE-D1239379F17D}.Release|Any CPU.ActiveCfg = Release|Any CPU
		{1BA8FC0D-17A6-4B23-91EE-D1239379F17D}.Release|Any CPU.Build.0 = Release|Any CPU
		{1BA8FC0D-17A6-4B23-91EE-D1239379F17D}.Release|Mixed Platforms.ActiveCfg = Release|Any CPU
		{1BA8FC0D-17A6-4B23-91EE-D1239379F17D}.Release|Mixed Platforms.Build.0 = Release|Any CPU
		{1BA8FC0D-17A6-4B23-91EE-D1239379F17D}.Release|x64.ActiveCfg = Release|Any CPU
		{1BA8FC0D-17A6-4B23-91EE-D1239379F17D}.Release|x86.ActiveCfg = Release|Any CPU
		{813F9661-6A0A-44D2-8C55-F44CFF679862}.Debug|Any CPU.ActiveCfg = Debug|Any CPU
		{813F9661-6A0A-44D2-8C55-F44CFF679862}.Debug|Any CPU.Build.0 = Debug|Any CPU
		{813F9661-6A0A-44D2-8C55-F44CFF679862}.Debug|Mixed Platforms.ActiveCfg = Debug|Any CPU
		{813F9661-6A0A-44D2-8C55-F44CFF679862}.Debug|Mixed Platforms.Build.0 = Debug|Any CPU
		{813F9661-6A0A-44D2-8C55-F44CFF679862}.Debug|x64.ActiveCfg = Debug|Any CPU
		{813F9661-6A0A-44D2-8C55-F44CFF679862}.Debug|x86.ActiveCfg = Debug|Any CPU
		{813F9661-6A0A-44D2-8C55-F44CFF679862}.Release|Any CPU.ActiveCfg = Release|Any CPU
		{813F9661-6A0A-44D2-8C55-F44CFF679862}.Release|Any CPU.Build.0 = Release|Any CPU
		{813F9661-6A0A-44D2-8C55-F44CFF679862}.Release|Mixed Platforms.ActiveCfg = Release|Any CPU
		{813F9661-6A0A-44D2-8C55-F44CFF679862}.Release|Mixed Platforms.Build.0 = Release|Any CPU
		{813F9661-6A0A-44D2-8C55-F44CFF679862}.Release|x64.ActiveCfg = Release|Any CPU
		{813F9661-6A0A-44D2-8C55-F44CFF679862}.Release|x86.ActiveCfg = Release|Any CPU
		{43142614-5968-4035-91F0-36A79A811AFC}.Debug|Any CPU.ActiveCfg = Debug|Any CPU
		{43142614-5968-4035-91F0-36A79A811AFC}.Debug|Any CPU.Build.0 = Debug|Any CPU
		{43142614-5968-4035-91F0-36A79A811AFC}.Debug|Mixed Platforms.ActiveCfg = Debug|Any CPU
		{43142614-5968-4035-91F0-36A79A811AFC}.Debug|Mixed Platforms.Build.0 = Debug|Any CPU
		{43142614-5968-4035-91F0-36A79A811AFC}.Debug|x64.ActiveCfg = Debug|Any CPU
		{43142614-5968-4035-91F0-36A79A811AFC}.Debug|x86.ActiveCfg = Debug|Any CPU
		{43142614-5968-4035-91F0-36A79A811AFC}.Release|Any CPU.ActiveCfg = Release|Any CPU
		{43142614-5968-4035-91F0-36A79A811AFC}.Release|Any CPU.Build.0 = Release|Any CPU
		{43142614-5968-4035-91F0-36A79A811AFC}.Release|Mixed Platforms.ActiveCfg = Release|Any CPU
		{43142614-5968-4035-91F0-36A79A811AFC}.Release|Mixed Platforms.Build.0 = Release|Any CPU
		{43142614-5968-4035-91F0-36A79A811AFC}.Release|x64.ActiveCfg = Release|Any CPU
		{43142614-5968-4035-91F0-36A79A811AFC}.Release|x86.ActiveCfg = Release|Any CPU
		{AAA79CDE-A3EB-4AA4-B86F-A45733242329}.Debug|Any CPU.ActiveCfg = Debug|Any CPU
		{AAA79CDE-A3EB-4AA4-B86F-A45733242329}.Debug|Any CPU.Build.0 = Debug|Any CPU
		{AAA79CDE-A3EB-4AA4-B86F-A45733242329}.Debug|Mixed Platforms.ActiveCfg = Debug|Any CPU
		{AAA79CDE-A3EB-4AA4-B86F-A45733242329}.Debug|Mixed Platforms.Build.0 = Debug|Any CPU
		{AAA79CDE-A3EB-4AA4-B86F-A45733242329}.Debug|x64.ActiveCfg = Debug|Any CPU
		{AAA79CDE-A3EB-4AA4-B86F-A45733242329}.Debug|x86.ActiveCfg = Debug|Any CPU
		{AAA79CDE-A3EB-4AA4-B86F-A45733242329}.Release|Any CPU.ActiveCfg = Release|Any CPU
		{AAA79CDE-A3EB-4AA4-B86F-A45733242329}.Release|Any CPU.Build.0 = Release|Any CPU
		{AAA79CDE-A3EB-4AA4-B86F-A45733242329}.Release|Mixed Platforms.ActiveCfg = Release|Any CPU
		{AAA79CDE-A3EB-4AA4-B86F-A45733242329}.Release|Mixed Platforms.Build.0 = Release|Any CPU
		{AAA79CDE-A3EB-4AA4-B86F-A45733242329}.Release|x64.ActiveCfg = Release|Any CPU
		{AAA79CDE-A3EB-4AA4-B86F-A45733242329}.Release|x86.ActiveCfg = Release|Any CPU
		{73764D53-53DF-427F-86A3-61B19D091E9E}.Debug|Any CPU.ActiveCfg = Debug|Any CPU
		{73764D53-53DF-427F-86A3-61B19D091E9E}.Debug|Any CPU.Build.0 = Debug|Any CPU
		{73764D53-53DF-427F-86A3-61B19D091E9E}.Debug|Mixed Platforms.ActiveCfg = Debug|Any CPU
		{73764D53-53DF-427F-86A3-61B19D091E9E}.Debug|Mixed Platforms.Build.0 = Debug|Any CPU
		{73764D53-53DF-427F-86A3-61B19D091E9E}.Debug|x64.ActiveCfg = Debug|Any CPU
		{73764D53-53DF-427F-86A3-61B19D091E9E}.Debug|x86.ActiveCfg = Debug|Any CPU
		{73764D53-53DF-427F-86A3-61B19D091E9E}.Release|Any CPU.ActiveCfg = Release|Any CPU
		{73764D53-53DF-427F-86A3-61B19D091E9E}.Release|Any CPU.Build.0 = Release|Any CPU
		{73764D53-53DF-427F-86A3-61B19D091E9E}.Release|Mixed Platforms.ActiveCfg = Release|Any CPU
		{73764D53-53DF-427F-86A3-61B19D091E9E}.Release|Mixed Platforms.Build.0 = Release|Any CPU
		{73764D53-53DF-427F-86A3-61B19D091E9E}.Release|x64.ActiveCfg = Release|Any CPU
		{73764D53-53DF-427F-86A3-61B19D091E9E}.Release|x86.ActiveCfg = Release|Any CPU
		{0B57C1A2-7623-42A8-9720-162CFF33E263}.Debug|Any CPU.ActiveCfg = Debug|Any CPU
		{0B57C1A2-7623-42A8-9720-162CFF33E263}.Debug|Any CPU.Build.0 = Debug|Any CPU
		{0B57C1A2-7623-42A8-9720-162CFF33E263}.Debug|Mixed Platforms.ActiveCfg = Debug|Any CPU
		{0B57C1A2-7623-42A8-9720-162CFF33E263}.Debug|Mixed Platforms.Build.0 = Debug|Any CPU
		{0B57C1A2-7623-42A8-9720-162CFF33E263}.Debug|x64.ActiveCfg = Debug|Any CPU
		{0B57C1A2-7623-42A8-9720-162CFF33E263}.Debug|x86.ActiveCfg = Debug|Any CPU
		{0B57C1A2-7623-42A8-9720-162CFF33E263}.Release|Any CPU.ActiveCfg = Release|Any CPU
		{0B57C1A2-7623-42A8-9720-162CFF33E263}.Release|Any CPU.Build.0 = Release|Any CPU
		{0B57C1A2-7623-42A8-9720-162CFF33E263}.Release|Mixed Platforms.ActiveCfg = Release|Any CPU
		{0B57C1A2-7623-42A8-9720-162CFF33E263}.Release|Mixed Platforms.Build.0 = Release|Any CPU
		{0B57C1A2-7623-42A8-9720-162CFF33E263}.Release|x64.ActiveCfg = Release|Any CPU
		{0B57C1A2-7623-42A8-9720-162CFF33E263}.Release|x86.ActiveCfg = Release|Any CPU
		{C1833AC1-28CF-4BC7-8C21-630A71D5AD08}.Debug|Any CPU.ActiveCfg = Debug|Any CPU
		{C1833AC1-28CF-4BC7-8C21-630A71D5AD08}.Debug|Any CPU.Build.0 = Debug|Any CPU
		{C1833AC1-28CF-4BC7-8C21-630A71D5AD08}.Debug|Mixed Platforms.ActiveCfg = Debug|Any CPU
		{C1833AC1-28CF-4BC7-8C21-630A71D5AD08}.Debug|Mixed Platforms.Build.0 = Debug|Any CPU
		{C1833AC1-28CF-4BC7-8C21-630A71D5AD08}.Debug|x64.ActiveCfg = Debug|Any CPU
		{C1833AC1-28CF-4BC7-8C21-630A71D5AD08}.Debug|x86.ActiveCfg = Debug|Any CPU
		{C1833AC1-28CF-4BC7-8C21-630A71D5AD08}.Release|Any CPU.ActiveCfg = Release|Any CPU
		{C1833AC1-28CF-4BC7-8C21-630A71D5AD08}.Release|Any CPU.Build.0 = Release|Any CPU
		{C1833AC1-28CF-4BC7-8C21-630A71D5AD08}.Release|Mixed Platforms.ActiveCfg = Release|Any CPU
		{C1833AC1-28CF-4BC7-8C21-630A71D5AD08}.Release|Mixed Platforms.Build.0 = Release|Any CPU
		{C1833AC1-28CF-4BC7-8C21-630A71D5AD08}.Release|x64.ActiveCfg = Release|Any CPU
		{C1833AC1-28CF-4BC7-8C21-630A71D5AD08}.Release|x86.ActiveCfg = Release|Any CPU
		{27B9B28C-F9B8-43C9-B85B-2E4BC5796FAA}.Debug|Any CPU.ActiveCfg = Debug|Any CPU
		{27B9B28C-F9B8-43C9-B85B-2E4BC5796FAA}.Debug|Any CPU.Build.0 = Debug|Any CPU
		{27B9B28C-F9B8-43C9-B85B-2E4BC5796FAA}.Debug|Mixed Platforms.ActiveCfg = Debug|Any CPU
		{27B9B28C-F9B8-43C9-B85B-2E4BC5796FAA}.Debug|Mixed Platforms.Build.0 = Debug|Any CPU
		{27B9B28C-F9B8-43C9-B85B-2E4BC5796FAA}.Debug|x64.ActiveCfg = Debug|Any CPU
		{27B9B28C-F9B8-43C9-B85B-2E4BC5796FAA}.Debug|x86.ActiveCfg = Debug|Any CPU
		{27B9B28C-F9B8-43C9-B85B-2E4BC5796FAA}.Release|Any CPU.ActiveCfg = Release|Any CPU
		{27B9B28C-F9B8-43C9-B85B-2E4BC5796FAA}.Release|Any CPU.Build.0 = Release|Any CPU
		{27B9B28C-F9B8-43C9-B85B-2E4BC5796FAA}.Release|Mixed Platforms.ActiveCfg = Release|Any CPU
		{27B9B28C-F9B8-43C9-B85B-2E4BC5796FAA}.Release|Mixed Platforms.Build.0 = Release|Any CPU
		{27B9B28C-F9B8-43C9-B85B-2E4BC5796FAA}.Release|x64.ActiveCfg = Release|Any CPU
		{27B9B28C-F9B8-43C9-B85B-2E4BC5796FAA}.Release|x86.ActiveCfg = Release|Any CPU
		{1777A7CD-D90A-4017-96D5-AD163F08B740}.Debug|Any CPU.ActiveCfg = Debug|Any CPU
		{1777A7CD-D90A-4017-96D5-AD163F08B740}.Debug|Any CPU.Build.0 = Debug|Any CPU
		{1777A7CD-D90A-4017-96D5-AD163F08B740}.Debug|Mixed Platforms.ActiveCfg = Debug|Any CPU
		{1777A7CD-D90A-4017-96D5-AD163F08B740}.Debug|Mixed Platforms.Build.0 = Debug|Any CPU
		{1777A7CD-D90A-4017-96D5-AD163F08B740}.Debug|x64.ActiveCfg = Debug|Any CPU
		{1777A7CD-D90A-4017-96D5-AD163F08B740}.Debug|x86.ActiveCfg = Debug|Any CPU
		{1777A7CD-D90A-4017-96D5-AD163F08B740}.Release|Any CPU.ActiveCfg = Release|Any CPU
		{1777A7CD-D90A-4017-96D5-AD163F08B740}.Release|Any CPU.Build.0 = Release|Any CPU
		{1777A7CD-D90A-4017-96D5-AD163F08B740}.Release|Mixed Platforms.ActiveCfg = Release|Any CPU
		{1777A7CD-D90A-4017-96D5-AD163F08B740}.Release|Mixed Platforms.Build.0 = Release|Any CPU
		{1777A7CD-D90A-4017-96D5-AD163F08B740}.Release|x64.ActiveCfg = Release|Any CPU
		{1777A7CD-D90A-4017-96D5-AD163F08B740}.Release|x86.ActiveCfg = Release|Any CPU
		{4D507C8A-9B26-4378-8607-274252551ED8}.Debug|Any CPU.ActiveCfg = Debug|x86
		{4D507C8A-9B26-4378-8607-274252551ED8}.Debug|Mixed Platforms.ActiveCfg = Debug|x86
		{4D507C8A-9B26-4378-8607-274252551ED8}.Debug|Mixed Platforms.Build.0 = Debug|x86
		{4D507C8A-9B26-4378-8607-274252551ED8}.Debug|x64.ActiveCfg = Debug|x86
		{4D507C8A-9B26-4378-8607-274252551ED8}.Debug|x86.ActiveCfg = Debug|x86
		{4D507C8A-9B26-4378-8607-274252551ED8}.Debug|x86.Build.0 = Debug|x86
		{4D507C8A-9B26-4378-8607-274252551ED8}.Release|Any CPU.ActiveCfg = Release|x86
		{4D507C8A-9B26-4378-8607-274252551ED8}.Release|Mixed Platforms.ActiveCfg = Release|x86
		{4D507C8A-9B26-4378-8607-274252551ED8}.Release|Mixed Platforms.Build.0 = Release|x86
		{4D507C8A-9B26-4378-8607-274252551ED8}.Release|x64.ActiveCfg = Release|x86
		{4D507C8A-9B26-4378-8607-274252551ED8}.Release|x86.ActiveCfg = Release|x86
		{4D507C8A-9B26-4378-8607-274252551ED8}.Release|x86.Build.0 = Release|x86
		{A9419795-80AE-4A43-82F9-A225F912FBC2}.Debug|Any CPU.ActiveCfg = Debug|Any CPU
		{A9419795-80AE-4A43-82F9-A225F912FBC2}.Debug|Any CPU.Build.0 = Debug|Any CPU
		{A9419795-80AE-4A43-82F9-A225F912FBC2}.Debug|Mixed Platforms.ActiveCfg = Debug|Any CPU
		{A9419795-80AE-4A43-82F9-A225F912FBC2}.Debug|Mixed Platforms.Build.0 = Debug|Any CPU
		{A9419795-80AE-4A43-82F9-A225F912FBC2}.Debug|x64.ActiveCfg = Debug|Any CPU
		{A9419795-80AE-4A43-82F9-A225F912FBC2}.Debug|x86.ActiveCfg = Debug|Any CPU
		{A9419795-80AE-4A43-82F9-A225F912FBC2}.Release|Any CPU.ActiveCfg = Release|Any CPU
		{A9419795-80AE-4A43-82F9-A225F912FBC2}.Release|Any CPU.Build.0 = Release|Any CPU
		{A9419795-80AE-4A43-82F9-A225F912FBC2}.Release|Mixed Platforms.ActiveCfg = Release|Any CPU
		{A9419795-80AE-4A43-82F9-A225F912FBC2}.Release|Mixed Platforms.Build.0 = Release|Any CPU
		{A9419795-80AE-4A43-82F9-A225F912FBC2}.Release|x64.ActiveCfg = Release|Any CPU
		{A9419795-80AE-4A43-82F9-A225F912FBC2}.Release|x86.ActiveCfg = Release|Any CPU
		{71683A51-95C2-42AF-B852-89C54C821153}.Debug|Any CPU.ActiveCfg = Debug|x86
		{71683A51-95C2-42AF-B852-89C54C821153}.Debug|Mixed Platforms.ActiveCfg = Debug|x86
		{71683A51-95C2-42AF-B852-89C54C821153}.Debug|Mixed Platforms.Build.0 = Debug|x86
		{71683A51-95C2-42AF-B852-89C54C821153}.Debug|x64.ActiveCfg = Debug|x86
		{71683A51-95C2-42AF-B852-89C54C821153}.Debug|x86.ActiveCfg = Debug|x86
		{71683A51-95C2-42AF-B852-89C54C821153}.Debug|x86.Build.0 = Debug|x86
		{71683A51-95C2-42AF-B852-89C54C821153}.Release|Any CPU.ActiveCfg = Release|x86
		{71683A51-95C2-42AF-B852-89C54C821153}.Release|Mixed Platforms.ActiveCfg = Release|x86
		{71683A51-95C2-42AF-B852-89C54C821153}.Release|Mixed Platforms.Build.0 = Release|x86
		{71683A51-95C2-42AF-B852-89C54C821153}.Release|x64.ActiveCfg = Release|x86
		{71683A51-95C2-42AF-B852-89C54C821153}.Release|x86.ActiveCfg = Release|x86
		{71683A51-95C2-42AF-B852-89C54C821153}.Release|x86.Build.0 = Release|x86
		{D54BD76E-F65B-464F-86E6-7115CE52CD4C}.Debug|Any CPU.ActiveCfg = Debug|x86
		{D54BD76E-F65B-464F-86E6-7115CE52CD4C}.Debug|Mixed Platforms.ActiveCfg = Debug|x86
		{D54BD76E-F65B-464F-86E6-7115CE52CD4C}.Debug|Mixed Platforms.Build.0 = Debug|x86
		{D54BD76E-F65B-464F-86E6-7115CE52CD4C}.Debug|x64.ActiveCfg = Debug|x86
		{D54BD76E-F65B-464F-86E6-7115CE52CD4C}.Debug|x86.ActiveCfg = Debug|x86
		{D54BD76E-F65B-464F-86E6-7115CE52CD4C}.Debug|x86.Build.0 = Debug|x86
		{D54BD76E-F65B-464F-86E6-7115CE52CD4C}.Release|Any CPU.ActiveCfg = Release|x86
		{D54BD76E-F65B-464F-86E6-7115CE52CD4C}.Release|Mixed Platforms.ActiveCfg = Release|x86
		{D54BD76E-F65B-464F-86E6-7115CE52CD4C}.Release|Mixed Platforms.Build.0 = Release|x86
		{D54BD76E-F65B-464F-86E6-7115CE52CD4C}.Release|x64.ActiveCfg = Release|x86
		{D54BD76E-F65B-464F-86E6-7115CE52CD4C}.Release|x86.ActiveCfg = Release|x86
		{D54BD76E-F65B-464F-86E6-7115CE52CD4C}.Release|x86.Build.0 = Release|x86
	EndGlobalSection
	GlobalSection(SolutionProperties) = preSolution
		HideSolutionNode = FALSE
	EndGlobalSection
EndGlobal
